
Microsoft Visual Studio Solution File, Format Version 12.00
# Visual Studio 15
VisualStudioVersion = 15.0.27703.2047
MinimumVisualStudioVersion = 10.0.40219.1
Project("{FAE04EC0-301F-11D3-BF4B-00C04F79EFBC}") = "AssemblyBrowser", "AssemblyBrowser\AssemblyBrowser.csproj", "{31A5710B-0397-4473-AC40-47559BAED26E}"
EndProject
Global
	GlobalSection(SolutionConfigurationPlatforms) = preSolution
		Debug|Any CPU = Debug|Any CPU
		Release|Any CPU = Release|Any CPU
	EndGlobalSection
	GlobalSection(ProjectConfigurationPlatforms) = postSolution
		{31A5710B-0397-4473-AC40-47559BAED26E}.Debug|Any CPU.ActiveCfg = Debug|Any CPU
		{31A5710B-0397-4473-AC40-47559BAED26E}.Debug|Any CPU.Build.0 = Debug|Any CPU
		{31A5710B-0397-4473-AC40-47559BAED26E}.Release|Any CPU.ActiveCfg = Release|Any CPU
		{31A5710B-0397-4473-AC40-47559BAED26E}.Release|Any CPU.Build.0 = Release|Any CPU
	EndGlobalSection
	GlobalSection(SolutionProperties) = preSolution
		HideSolutionNode = FALSE
	EndGlobalSection
	GlobalSection(ExtensibilityGlobals) = postSolution
		SolutionGuid = {9E18FB9C-ECA9-4DD9-B3CC-6FABC1FF49CB}
	EndGlobalSection
EndGlobal
